
Microsoft Visual Studio Solution File, Format Version 12.00
# Visual Studio Version 16
VisualStudioVersion = 16.0.35731.53
MinimumVisualStudioVersion = 10.0.40219.1
Project("{FAE04EC0-301F-11D3-BF4B-00C04F79EFBC}") = "P2Q5", "P2Q5\P2Q5.csproj", "{826F6D38-CDCB-4E60-8312-44151D70E4FB}"
EndProject
Global
	GlobalSection(SolutionConfigurationPlatforms) = preSolution
		Debug|Any CPU = Debug|Any CPU
		Release|Any CPU = Release|Any CPU
	EndGlobalSection
	GlobalSection(ProjectConfigurationPlatforms) = postSolution
		{826F6D38-CDCB-4E60-8312-44151D70E4FB}.Debug|Any CPU.ActiveCfg = Debug|Any CPU
		{826F6D38-CDCB-4E60-8312-44151D70E4FB}.Debug|Any CPU.Build.0 = Debug|Any CPU
		{826F6D38-CDCB-4E60-8312-44151D70E4FB}.Release|Any CPU.ActiveCfg = Release|Any CPU
		{826F6D38-CDCB-4E60-8312-44151D70E4FB}.Release|Any CPU.Build.0 = Release|Any CPU
	EndGlobalSection
	GlobalSection(SolutionProperties) = preSolution
		HideSolutionNode = FALSE
	EndGlobalSection
	GlobalSection(ExtensibilityGlobals) = postSolution
		SolutionGuid = {9D06385F-5CBE-491D-8460-ED8E4E5C6953}
	EndGlobalSection
EndGlobal
